
Microsoft Visual Studio Solution File, Format Version 12.00
# Visual Studio Version 17
VisualStudioVersion = 17.2.32519.379
MinimumVisualStudioVersion = 10.0.40219.1
Project("{FAE04EC0-301F-11D3-BF4B-00C04F79EFBC}") = "PagoServicio.Infraestructure", "PagoServicio.Infraestructure\PagoServicio.Infraestructure.csproj", "{5AE6719A-42EA-4C49-9246-664A2E92A186}"
EndProject
Project("{FAE04EC0-301F-11D3-BF4B-00C04F79EFBC}") = "PagoServicio.Dominio", "PagoServicio.Dominio\PagoServicio.Dominio.csproj", "{FCDAEEA4-937F-4CC8-8703-CE97BD2FE98B}"
EndProject
Project("{FAE04EC0-301F-11D3-BF4B-00C04F79EFBC}") = "PagoServicio.Application", "PagoServicio.Application\PagoServicio.Application.csproj", "{A936CFA0-C4D5-4BDC-A244-FFAD0058892C}"
EndProject
Project("{FAE04EC0-301F-11D3-BF4B-00C04F79EFBC}") = "PagoServicio.API", "PagoServicio.API\PagoServicio.API.csproj", "{4D60C915-488F-4BD8-B03D-0955330F3967}"
EndProject
Project("{FAE04EC0-301F-11D3-BF4B-00C04F79EFBC}") = "PagoServicio.Test", "PagoServicio.Test\PagoServicio.Test.csproj", "{5DB672F4-EE5D-436D-BC54-F9BF0456B12D}"
EndProject
Global
	GlobalSection(SolutionConfigurationPlatforms) = preSolution
		Debug|Any CPU = Debug|Any CPU
		Release|Any CPU = Release|Any CPU
	EndGlobalSection
	GlobalSection(ProjectConfigurationPlatforms) = postSolution
		{5AE6719A-42EA-4C49-9246-664A2E92A186}.Debug|Any CPU.ActiveCfg = Debug|Any CPU
		{5AE6719A-42EA-4C49-9246-664A2E92A186}.Debug|Any CPU.Build.0 = Debug|Any CPU
		{5AE6719A-42EA-4C49-9246-664A2E92A186}.Release|Any CPU.ActiveCfg = Release|Any CPU
		{5AE6719A-42EA-4C49-9246-664A2E92A186}.Release|Any CPU.Build.0 = Release|Any CPU
		{FCDAEEA4-937F-4CC8-8703-CE97BD2FE98B}.Debug|Any CPU.ActiveCfg = Debug|Any CPU
		{FCDAEEA4-937F-4CC8-8703-CE97BD2FE98B}.Debug|Any CPU.Build.0 = Debug|Any CPU
		{FCDAEEA4-937F-4CC8-8703-CE97BD2FE98B}.Release|Any CPU.ActiveCfg = Release|Any CPU
		{FCDAEEA4-937F-4CC8-8703-CE97BD2FE98B}.Release|Any CPU.Build.0 = Release|Any CPU
		{A936CFA0-C4D5-4BDC-A244-FFAD0058892C}.Debug|Any CPU.ActiveCfg = Debug|Any CPU
		{A936CFA0-C4D5-4BDC-A244-FFAD0058892C}.Debug|Any CPU.Build.0 = Debug|Any CPU
		{A936CFA0-C4D5-4BDC-A244-FFAD0058892C}.Release|Any CPU.ActiveCfg = Release|Any CPU
		{A936CFA0-C4D5-4BDC-A244-FFAD0058892C}.Release|Any CPU.Build.0 = Release|Any CPU
		{4D60C915-488F-4BD8-B03D-0955330F3967}.Debug|Any CPU.ActiveCfg = Debug|Any CPU
		{4D60C915-488F-4BD8-B03D-0955330F3967}.Debug|Any CPU.Build.0 = Debug|Any CPU
		{4D60C915-488F-4BD8-B03D-0955330F3967}.Release|Any CPU.ActiveCfg = Release|Any CPU
		{4D60C915-488F-4BD8-B03D-0955330F3967}.Release|Any CPU.Build.0 = Release|Any CPU
		{5DB672F4-EE5D-436D-BC54-F9BF0456B12D}.Debug|Any CPU.ActiveCfg = Debug|Any CPU
		{5DB672F4-EE5D-436D-BC54-F9BF0456B12D}.Debug|Any CPU.Build.0 = Debug|Any CPU
		{5DB672F4-EE5D-436D-BC54-F9BF0456B12D}.Release|Any CPU.ActiveCfg = Release|Any CPU
		{5DB672F4-EE5D-436D-BC54-F9BF0456B12D}.Release|Any CPU.Build.0 = Release|Any CPU
	EndGlobalSection
	GlobalSection(SolutionProperties) = preSolution
		HideSolutionNode = FALSE
	EndGlobalSection
	GlobalSection(ExtensibilityGlobals) = postSolution
		SolutionGuid = {CCCE97F3-AB92-47B0-820A-E52655B786F7}
	EndGlobalSection
EndGlobal
